
Microsoft Visual Studio Solution File, Format Version 12.00
# Visual Studio Version 17
VisualStudioVersion = 17.0.32112.339
MinimumVisualStudioVersion = 10.0.40219.1
Project("{FAE04EC0-301F-11D3-BF4B-00C04F79EFBC}") = "TinderAdventure.net", "TinderAdventure.net\TinderAdventure.net.csproj", "{ABD6BE27-EAC6-4B22-A4C5-977ACEE12799}"
EndProject
Global
	GlobalSection(SolutionConfigurationPlatforms) = preSolution
		Debug|Any CPU = Debug|Any CPU
		Release|Any CPU = Release|Any CPU
	EndGlobalSection
	GlobalSection(ProjectConfigurationPlatforms) = postSolution
		{ABD6BE27-EAC6-4B22-A4C5-977ACEE12799}.Debug|Any CPU.ActiveCfg = Debug|Any CPU
		{ABD6BE27-EAC6-4B22-A4C5-977ACEE12799}.Debug|Any CPU.Build.0 = Debug|Any CPU
		{ABD6BE27-EAC6-4B22-A4C5-977ACEE12799}.Release|Any CPU.ActiveCfg = Release|Any CPU
		{ABD6BE27-EAC6-4B22-A4C5-977ACEE12799}.Release|Any CPU.Build.0 = Release|Any CPU
	EndGlobalSection
	GlobalSection(SolutionProperties) = preSolution
		HideSolutionNode = FALSE
	EndGlobalSection
	GlobalSection(ExtensibilityGlobals) = postSolution
		SolutionGuid = {4FCCB2EE-0A91-43F0-907F-DBD95158583A}
	EndGlobalSection
EndGlobal
